// !$*UTF8*$!
{
	archiveVersion = 1;
	classes = {
	};
	objectVersion = 56;
	objects = {

/* Begin PBXBuildFile section */
		A58317B12BFECE5A006B7BEA /* MTLDevice+.swift in Sources */ = {isa = PBXBuildFile; fileRef = A58317B02BFECE5A006B7BEA /* MTLDevice+.swift */; };
		A58317B52BFEE0F5006B7BEA /* Vertex.swift in Sources */ = {isa = PBXBuildFile; fileRef = A58317B42BFEE0F5006B7BEA /* Vertex.swift */; };
		A5D14F9C2BFE09D0006E1BE6 /* AppDelegate.swift in Sources */ = {isa = PBXBuildFile; fileRef = A5D14F9B2BFE09D0006E1BE6 /* AppDelegate.swift */; };
		A5D14F9E2BFE09D0006E1BE6 /* SceneDelegate.swift in Sources */ = {isa = PBXBuildFile; fileRef = A5D14F9D2BFE09D0006E1BE6 /* SceneDelegate.swift */; };
		A5D14FA02BFE09D0006E1BE6 /* ViewController.swift in Sources */ = {isa = PBXBuildFile; fileRef = A5D14F9F2BFE09D0006E1BE6 /* ViewController.swift */; };
		A5D14FA52BFE09D2006E1BE6 /* Assets.xcassets in Resources */ = {isa = PBXBuildFile; fileRef = A5D14FA42BFE09D2006E1BE6 /* Assets.xcassets */; };
		A5D14FA82BFE09D2006E1BE6 /* Base in Resources */ = {isa = PBXBuildFile; fileRef = A5D14FA72BFE09D2006E1BE6 /* Base */; };
		A5D14FB22BFE0A8F006E1BE6 /* TriangleShader.metal in Sources */ = {isa = PBXBuildFile; fileRef = A5D14FB12BFE0A8F006E1BE6 /* TriangleShader.metal */; };
/* End PBXBuildFile section */

/* Begin PBXFileReference section */
		A58317B02BFECE5A006B7BEA /* MTLDevice+.swift */ = {isa = PBXFileReference; lastKnownFileType = sourcecode.swift; path = "MTLDevice+.swift"; sourceTree = "<group>"; };
		A58317B42BFEE0F5006B7BEA /* Vertex.swift */ = {isa = PBXFileReference; lastKnownFileType = sourcecode.swift; path = Vertex.swift; sourceTree = "<group>"; };
		A5D14F982BFE09D0006E1BE6 /* Metal-Cube.app */ = {isa = PBXFileReference; explicitFileType = wrapper.application; includeInIndex = 0; path = "Metal-Cube.app"; sourceTree = BUILT_PRODUCTS_DIR; };
		A5D14F9B2BFE09D0006E1BE6 /* AppDelegate.swift */ = {isa = PBXFileReference; lastKnownFileType = sourcecode.swift; path = AppDelegate.swift; sourceTree = "<group>"; };
		A5D14F9D2BFE09D0006E1BE6 /* SceneDelegate.swift */ = {isa = PBXFileReference; lastKnownFileType = sourcecode.swift; path = SceneDelegate.swift; sourceTree = "<group>"; };
		A5D14F9F2BFE09D0006E1BE6 /* ViewController.swift */ = {isa = PBXFileReference; lastKnownFileType = sourcecode.swift; path = ViewController.swift; sourceTree = "<group>"; };
		A5D14FA42BFE09D2006E1BE6 /* Assets.xcassets */ = {isa = PBXFileReference; lastKnownFileType = folder.assetcatalog; path = Assets.xcassets; sourceTree = "<group>"; };
		A5D14FA72BFE09D2006E1BE6 /* Base */ = {isa = PBXFileReference; lastKnownFileType = file.storyboard; name = Base; path = Base.lproj/LaunchScreen.storyboard; sourceTree = "<group>"; };
		A5D14FA92BFE09D2006E1BE6 /* Info.plist */ = {isa = PBXFileReference; lastKnownFileType = text.plist.xml; path = Info.plist; sourceTree = "<group>"; };
		A5D14FB12BFE0A8F006E1BE6 /* TriangleShader.metal */ = {isa = PBXFileReference; lastKnownFileType = sourcecode.metal; path = TriangleShader.metal; sourceTree = "<group>"; };
/* End PBXFileReference section */

/* Begin PBXFrameworksBuildPhase section */
		A5D14F952BFE09D0006E1BE6 /* Frameworks */ = {
			isa = PBXFrameworksBuildPhase;
			buildActionMask = 2147483647;
			files = (
			);
			runOnlyForDeploymentPostprocessing = 0;
		};
/* End PBXFrameworksBuildPhase section */

/* Begin PBXGroup section */
		A58317B22BFECE60006B7BEA /* Extensions */ = {
			isa = PBXGroup;
			children = (
				A58317B02BFECE5A006B7BEA /* MTLDevice+.swift */,
			);
			path = Extensions;
			sourceTree = "<group>";
		};
		A58317B32BFECF17006B7BEA /* Shader */ = {
			isa = PBXGroup;
			children = (
				A5D14FB12BFE0A8F006E1BE6 /* TriangleShader.metal */,
			);
			path = Shader;
			sourceTree = "<group>";
		};
		A5D14F8F2BFE09D0006E1BE6 = {
			isa = PBXGroup;
			children = (
				A5D14F9A2BFE09D0006E1BE6 /* Metal-Cube */,
				A5D14F992BFE09D0006E1BE6 /* Products */,
			);
			sourceTree = "<group>";
		};
		A5D14F992BFE09D0006E1BE6 /* Products */ = {
			isa = PBXGroup;
			children = (
				A5D14F982BFE09D0006E1BE6 /* Metal-Cube.app */,
			);
			name = Products;
			sourceTree = "<group>";
		};
		A5D14F9A2BFE09D0006E1BE6 /* Metal-Cube */ = {
			isa = PBXGroup;
			children = (
				A5D14FAF2BFE09E4006E1BE6 /* App */,
				A5D14F9F2BFE09D0006E1BE6 /* ViewController.swift */,
				A58317B42BFEE0F5006B7BEA /* Vertex.swift */,
				A58317B32BFECF17006B7BEA /* Shader */,
				A58317B22BFECE60006B7BEA /* Extensions */,
				A5D14FB02BFE09EE006E1BE6 /* Resources */,
			);
			path = "Metal-Cube";
			sourceTree = "<group>";
		};
		A5D14FAF2BFE09E4006E1BE6 /* App */ = {
			isa = PBXGroup;
			children = (
				A5D14F9B2BFE09D0006E1BE6 /* AppDelegate.swift */,
				A5D14F9D2BFE09D0006E1BE6 /* SceneDelegate.swift */,
			);
			path = App;
			sourceTree = "<group>";
		};
		A5D14FB02BFE09EE006E1BE6 /* Resources */ = {
			isa = PBXGroup;
			children = (
				A5D14FA42BFE09D2006E1BE6 /* Assets.xcassets */,
				A5D14FA62BFE09D2006E1BE6 /* LaunchScreen.storyboard */,
				A5D14FA92BFE09D2006E1BE6 /* Info.plist */,
			);
			path = Resources;
			sourceTree = "<group>";
		};
/* End PBXGroup section */

/* Begin PBXNativeTarget section */
		A5D14F972BFE09D0006E1BE6 /* Metal-Cube */ = {
			isa = PBXNativeTarget;
			buildConfigurationList = A5D14FAC2BFE09D2006E1BE6 /* Build configuration list for PBXNativeTarget "Metal-Cube" */;
			buildPhases = (
				A5D14F942BFE09D0006E1BE6 /* Sources */,
				A5D14F952BFE09D0006E1BE6 /* Frameworks */,
				A5D14F962BFE09D0006E1BE6 /* Resources */,
			);
			buildRules = (
			);
			dependencies = (
			);
			name = "Metal-Cube";
			productName = "Metal-Cube";
			productReference = A5D14F982BFE09D0006E1BE6 /* Metal-Cube.app */;
			productType = "com.apple.product-type.application";
		};
/* End PBXNativeTarget section */

/* Begin PBXProject section */
		A5D14F902BFE09D0006E1BE6 /* Project object */ = {
			isa = PBXProject;
			attributes = {
				BuildIndependentTargetsInParallel = 1;
				LastSwiftUpdateCheck = 1540;
				LastUpgradeCheck = 1540;
				TargetAttributes = {
					A5D14F972BFE09D0006E1BE6 = {
						CreatedOnToolsVersion = 15.4;
					};
				};
			};
			buildConfigurationList = A5D14F932BFE09D0006E1BE6 /* Build configuration list for PBXProject "Metal-Cube" */;
			compatibilityVersion = "Xcode 14.0";
			developmentRegion = en;
			hasScannedForEncodings = 0;
			knownRegions = (
				en,
				Base,
			);
			mainGroup = A5D14F8F2BFE09D0006E1BE6;
			productRefGroup = A5D14F992BFE09D0006E1BE6 /* Products */;
			projectDirPath = "";
			projectRoot = "";
			targets = (
				A5D14F972BFE09D0006E1BE6 /* Metal-Cube */,
			);
		};
/* End PBXProject section */

/* Begin PBXResourcesBuildPhase section */
		A5D14F962BFE09D0006E1BE6 /* Resources */ = {
			isa = PBXResourcesBuildPhase;
			buildActionMask = 2147483647;
			files = (
				A5D14FA52BFE09D2006E1BE6 /* Assets.xcassets in Resources */,
				A5D14FA82BFE09D2006E1BE6 /* Base in Resources */,
			);
			runOnlyForDeploymentPostprocessing = 0;
		};
/* End PBXResourcesBuildPhase section */

/* Begin PBXSourcesBuildPhase section */
		A5D14F942BFE09D0006E1BE6 /* Sources */ = {
			isa = PBXSourcesBuildPhase;
			buildActionMask = 2147483647;
			files = (
				A58317B12BFECE5A006B7BEA /* MTLDevice+.swift in Sources */,
				A5D14FA02BFE09D0006E1BE6 /* ViewController.swift in Sources */,
				A5D14F9C2BFE09D0006E1BE6 /* AppDelegate.swift in Sources */,
				A5D14FB22BFE0A8F006E1BE6 /* TriangleShader.metal in Sources */,
				A5D14F9E2BFE09D0006E1BE6 /* SceneDelegate.swift in Sources */,
				A58317B52BFEE0F5006B7BEA /* Vertex.swift in Sources */,
			);
			runOnlyForDeploymentPostprocessing = 0;
		};
/* End PBXSourcesBuildPhase section */

/* Begin PBXVariantGroup section */
		A5D14FA62BFE09D2006E1BE6 /* LaunchScreen.storyboard */ = {
			isa = PBXVariantGroup;
			children = (
				A5D14FA72BFE09D2006E1BE6 /* Base */,
			);
			name = LaunchScreen.storyboard;
			sourceTree = "<group>";
		};
/* End PBXVariantGroup section */

/* Begin XCBuildConfiguration section */
		A5D14FAA2BFE09D2006E1BE6 /* Debug */ = {
			isa = XCBuildConfiguration;
			buildSettings = {
				ALWAYS_SEARCH_USER_PATHS = NO;
				ASSETCATALOG_COMPILER_GENERATE_SWIFT_ASSET_SYMBOL_EXTENSIONS = YES;
				CLANG_ANALYZER_NONNULL = YES;
				CLANG_ANALYZER_NUMBER_OBJECT_CONVERSION = YES_AGGRESSIVE;
				CLANG_CXX_LANGUAGE_STANDARD = "gnu++20";
				CLANG_ENABLE_MODULES = YES;
				CLANG_ENABLE_OBJC_ARC = YES;
				CLANG_ENABLE_OBJC_WEAK = YES;
				CLANG_WARN_BLOCK_CAPTURE_AUTORELEASING = YES;
				CLANG_WARN_BOOL_CONVERSION = YES;
				CLANG_WARN_COMMA = YES;
				CLANG_WARN_CONSTANT_CONVERSION = YES;
				CLANG_WARN_DEPRECATED_OBJC_IMPLEMENTATIONS = YES;
				CLANG_WARN_DIRECT_OBJC_ISA_USAGE = YES_ERROR;
				CLANG_WARN_DOCUMENTATION_COMMENTS = YES;
				CLANG_WARN_EMPTY_BODY = YES;
				CLANG_WARN_ENUM_CONVERSION = YES;
				CLANG_WARN_INFINITE_RECURSION = YES;
				CLANG_WARN_INT_CONVERSION = YES;
				CLANG_WARN_NON_LITERAL_NULL_CONVERSION = YES;
				CLANG_WARN_OBJC_IMPLICIT_RETAIN_SELF = YES;
				CLANG_WARN_OBJC_LITERAL_CONVERSION = YES;
				CLANG_WARN_OBJC_ROOT_CLASS = YES_ERROR;
				CLANG_WARN_QUOTED_INCLUDE_IN_FRAMEWORK_HEADER = YES;
				CLANG_WARN_RANGE_LOOP_ANALYSIS = YES;
				CLANG_WARN_STRICT_PROTOTYPES = YES;
				CLANG_WARN_SUSPICIOUS_MOVE = YES;
				CLANG_WARN_UNGUARDED_AVAILABILITY = YES_AGGRESSIVE;
				CLANG_WARN_UNREACHABLE_CODE = YES;
				CLANG_WARN__DUPLICATE_METHOD_MATCH = YES;
				COPY_PHASE_STRIP = NO;
				DEBUG_INFORMATION_FORMAT = dwarf;
				ENABLE_STRICT_OBJC_MSGSEND = YES;
				ENABLE_TESTABILITY = YES;
				ENABLE_USER_SCRIPT_SANDBOXING = YES;
				GCC_C_LANGUAGE_STANDARD = gnu17;
				GCC_DYNAMIC_NO_PIC = NO;
				GCC_NO_COMMON_BLOCKS = YES;
				GCC_OPTIMIZATION_LEVEL = 0;
				GCC_PREPROCESSOR_DEFINITIONS = (
					"DEBUG=1",
					"$(inherited)",
				);
				GCC_WARN_64_TO_32_BIT_CONVERSION = YES;
				GCC_WARN_ABOUT_RETURN_TYPE = YES_ERROR;
				GCC_WARN_UNDECLARED_SELECTOR = YES;
				GCC_WARN_UNINITIALIZED_AUTOS = YES_AGGRESSIVE;
				GCC_WARN_UNUSED_FUNCTION = YES;
				GCC_WARN_UNUSED_VARIABLE = YES;
				IPHONEOS_DEPLOYMENT_TARGET = 17.5;
				LOCALIZATION_PREFERS_STRING_CATALOGS = YES;
				MTL_ENABLE_DEBUG_INFO = INCLUDE_SOURCE;
				MTL_FAST_MATH = YES;
				ONLY_ACTIVE_ARCH = YES;
				SDKROOT = iphoneos;
				SWIFT_ACTIVE_COMPILATION_CONDITIONS = "DEBUG $(inherited)";
				SWIFT_OPTIMIZATION_LEVEL = "-Onone";
			};
			name = Debug;
		};
		A5D14FAB2BFE09D2006E1BE6 /* Release */ = {
			isa = XCBuildConfiguration;
			buildSettings = {
				ALWAYS_SEARCH_USER_PATHS = NO;
				ASSETCATALOG_COMPILER_GENERATE_SWIFT_ASSET_SYMBOL_EXTENSIONS = YES;
				CLANG_ANALYZER_NONNULL = YES;
				CLANG_ANALYZER_NUMBER_OBJECT_CONVERSION = YES_AGGRESSIVE;
				CLANG_CXX_LANGUAGE_STANDARD = "gnu++20";
				CLANG_ENABLE_MODULES = YES;
				CLANG_ENABLE_OBJC_ARC = YES;
				CLANG_ENABLE_OBJC_WEAK = YES;
				CLANG_WARN_BLOCK_CAPTURE_AUTORELEASING = YES;
				CLANG_WARN_BOOL_CONVERSION = YES;
				CLANG_WARN_COMMA = YES;
				CLANG_WARN_CONSTANT_CONVERSION = YES;
				CLANG_WARN_DEPRECATED_OBJC_IMPLEMENTATIONS = YES;
				CLANG_WARN_DIRECT_OBJC_ISA_USAGE = YES_ERROR;
				CLANG_WARN_DOCUMENTATION_COMMENTS = YES;
				CLANG_WARN_EMPTY_BODY = YES;
				CLANG_WARN_ENUM_CONVERSION = YES;
				CLANG_WARN_INFINITE_RECURSION = YES;
				CLANG_WARN_INT_CONVERSION = YES;
				CLANG_WARN_NON_LITERAL_NULL_CONVERSION = YES;
				CLANG_WARN_OBJC_IMPLICIT_RETAIN_SELF = YES;
				CLANG_WARN_OBJC_LITERAL_CONVERSION = YES;
				CLANG_WARN_OBJC_ROOT_CLASS = YES_ERROR;
				CLANG_WARN_QUOTED_INCLUDE_IN_FRAMEWORK_HEADER = YES;
				CLANG_WARN_RANGE_LOOP_ANALYSIS = YES;
				CLANG_WARN_STRICT_PROTOTYPES = YES;
				CLANG_WARN_SUSPICIOUS_MOVE = YES;
				CLANG_WARN_UNGUARDED_AVAILABILITY = YES_AGGRESSIVE;
				CLANG_WARN_UNREACHABLE_CODE = YES;
				CLANG_WARN__DUPLICATE_METHOD_MATCH = YES;
				COPY_PHASE_STRIP = NO;
				DEBUG_INFORMATION_FORMAT = "dwarf-with-dsym";
				ENABLE_NS_ASSERTIONS = NO;
				ENABLE_STRICT_OBJC_MSGSEND = YES;
				ENABLE_USER_SCRIPT_SANDBOXING = YES;
				GCC_C_LANGUAGE_STANDARD = gnu17;
				GCC_NO_COMMON_BLOCKS = YES;
				GCC_WARN_64_TO_32_BIT_CONVERSION = YES;
				GCC_WARN_ABOUT_RETURN_TYPE = YES_ERROR;
				GCC_WARN_UNDECLARED_SELECTOR = YES;
				GCC_WARN_UNINITIALIZED_AUTOS = YES_AGGRESSIVE;
				GCC_WARN_UNUSED_FUNCTION = YES;
				GCC_WARN_UNUSED_VARIABLE = YES;
				IPHONEOS_DEPLOYMENT_TARGET = 17.5;
				LOCALIZATION_PREFERS_STRING_CATALOGS = YES;
				MTL_ENABLE_DEBUG_INFO = NO;
				MTL_FAST_MATH = YES;
				SDKROOT = iphoneos;
				SWIFT_COMPILATION_MODE = wholemodule;
				VALIDATE_PRODUCT = YES;
			};
			name = Release;
		};
		A5D14FAD2BFE09D2006E1BE6 /* Debug */ = {
			isa = XCBuildConfiguration;
			buildSettings = {
				ASSETCATALOG_COMPILER_APPICON_NAME = AppIcon;
				ASSETCATALOG_COMPILER_GLOBAL_ACCENT_COLOR_NAME = AccentColor;
				CODE_SIGN_STYLE = Automatic;
				CURRENT_PROJECT_VERSION = 1;
				DEVELOPMENT_TEAM = B2XR5545F7;
				GENERATE_INFOPLIST_FILE = YES;
				INFOPLIST_FILE = "Metal-Cube/Resources/Info.plist";
				INFOPLIST_KEY_UIApplicationSupportsIndirectInputEvents = YES;
				INFOPLIST_KEY_UILaunchStoryboardName = LaunchScreen;
				INFOPLIST_KEY_UISupportedInterfaceOrientations_iPad = "UIInterfaceOrientationPortrait UIInterfaceOrientationPortraitUpsideDown UIInterfaceOrientationLandscapeLeft UIInterfaceOrientationLandscapeRight";
				INFOPLIST_KEY_UISupportedInterfaceOrientations_iPhone = "UIInterfaceOrientationPortrait UIInterfaceOrientationLandscapeLeft UIInterfaceOrientationLandscapeRight";
				LD_RUNPATH_SEARCH_PATHS = (
					"$(inherited)",
					"@executable_path/Frameworks",
				);
				MARKETING_VERSION = 1.0;
				PRODUCT_BUNDLE_IDENTIFIER = "Jeonhui.Metal-Cube";
				PRODUCT_NAME = "$(TARGET_NAME)";
				SWIFT_EMIT_LOC_STRINGS = YES;
				SWIFT_VERSION = 5.0;
				TARGETED_DEVICE_FAMILY = "1,2";
			};
			name = Debug;
		};
		A5D14FAE2BFE09D2006E1BE6 /* Release */ = {
			isa = XCBuildConfiguration;
			buildSettings = {
				ASSETCATALOG_COMPILER_APPICON_NAME = AppIcon;
				ASSETCATALOG_COMPILER_GLOBAL_ACCENT_COLOR_NAME = AccentColor;
				CODE_SIGN_STYLE = Automatic;
				CURRENT_PROJECT_VERSION = 1;
				DEVELOPMENT_TEAM = B2XR5545F7;
				GENERATE_INFOPLIST_FILE = YES;
				INFOPLIST_FILE = "Metal-Cube/Resources/Info.plist";
				INFOPLIST_KEY_UIApplicationSupportsIndirectInputEvents = YES;
				INFOPLIST_KEY_UILaunchStoryboardName = LaunchScreen;
				INFOPLIST_KEY_UISupportedInterfaceOrientations_iPad = "UIInterfaceOrientationPortrait UIInterfaceOrientationPortraitUpsideDown UIInterfaceOrientationLandscapeLeft UIInterfaceOrientationLandscapeRight";
				INFOPLIST_KEY_UISupportedInterfaceOrientations_iPhone = "UIInterfaceOrientationPortrait UIInterfaceOrientationLandscapeLeft UIInterfaceOrientationLandscapeRight";
				LD_RUNPATH_SEARCH_PATHS = (
					"$(inherited)",
					"@executable_path/Frameworks",
				);
				MARKETING_VERSION = 1.0;
				PRODUCT_BUNDLE_IDENTIFIER = "Jeonhui.Metal-Cube";
				PRODUCT_NAME = "$(TARGET_NAME)";
				SWIFT_EMIT_LOC_STRINGS = YES;
				SWIFT_VERSION = 5.0;
				TARGETED_DEVICE_FAMILY = "1,2";
			};
			name = Release;
		};
/* End XCBuildConfiguration section */

/* Begin XCConfigurationList section */
		A5D14F932BFE09D0006E1BE6 /* Build configuration list for PBXProject "Metal-Cube" */ = {
			isa = XCConfigurationList;
			buildConfigurations = (
				A5D14FAA2BFE09D2006E1BE6 /* Debug */,
				A5D14FAB2BFE09D2006E1BE6 /* Release */,
			);
			defaultConfigurationIsVisible = 0;
			defaultConfigurationName = Release;
		};
		A5D14FAC2BFE09D2006E1BE6 /* Build configuration list for PBXNativeTarget "Metal-Cube" */ = {
			isa = XCConfigurationList;
			buildConfigurations = (
				A5D14FAD2BFE09D2006E1BE6 /* Debug */,
				A5D14FAE2BFE09D2006E1BE6 /* Release */,
			);
			defaultConfigurationIsVisible = 0;
			defaultConfigurationName = Release;
		};
/* End XCConfigurationList section */
	};
	rootObject = A5D14F902BFE09D0006E1BE6 /* Project object */;
}
